// !$*UTF8*$!
{
	archiveVersion = 1;
	classes = {
	};
	objectVersion = 46;
	objects = {

/* Begin PBXBuildFile section */
		6727AA271D38195900FBC56A /* AppDelegate.swift in Sources */ = {isa = PBXBuildFile; fileRef = 6727AA261D38195900FBC56A /* AppDelegate.swift */; };
		6727AA291D38195900FBC56A /*  InstrumentationViewController.swift in Sources */ = {isa = PBXBuildFile; fileRef = 6727AA281D38195900FBC56A /*  InstrumentationViewController.swift */; };
		6727AA2B1D38195900FBC56A /* SimulationViewController.swift in Sources */ = {isa = PBXBuildFile; fileRef = 6727AA2A1D38195900FBC56A /* SimulationViewController.swift */; };
		6727AA2E1D38195900FBC56A /* Main.storyboard in Resources */ = {isa = PBXBuildFile; fileRef = 6727AA2C1D38195900FBC56A /* Main.storyboard */; };
		6727AA301D38195900FBC56A /* Assets.xcassets in Resources */ = {isa = PBXBuildFile; fileRef = 6727AA2F1D38195900FBC56A /* Assets.xcassets */; };
		6727AA331D38195900FBC56A /* LaunchScreen.storyboard in Resources */ = {isa = PBXBuildFile; fileRef = 6727AA311D38195900FBC56A /* LaunchScreen.storyboard */; };
		6727AA3D1D381E3300FBC56A /* StatisticsViewController.swift in Sources */ = {isa = PBXBuildFile; fileRef = 6727AA3C1D381E3300FBC56A /* StatisticsViewController.swift */; };
		673CB03F1D39D9BE001C6769 /* GridView.swift in Sources */ = {isa = PBXBuildFile; fileRef = 673CB03E1D39D9BE001C6769 /* GridView.swift */; };
		67680BB31D39AE4F003205FD /* EngineDelegate.swift in Sources */ = {isa = PBXBuildFile; fileRef = 67680BB21D39AE4F003205FD /* EngineDelegate.swift */; };
		67680BB71D39B4AE003205FD /* EngineProtocol.swift in Sources */ = {isa = PBXBuildFile; fileRef = 67680BB61D39B4AE003205FD /* EngineProtocol.swift */; };
		67FD8F841D385A4300429DA4 /* GridProtocol.swift in Sources */ = {isa = PBXBuildFile; fileRef = 67FD8F831D385A4300429DA4 /* GridProtocol.swift */; };
/* End PBXBuildFile section */

/* Begin PBXFileReference section */
		6727AA231D38195900FBC56A /* Assignment4.app */ = {isa = PBXFileReference; explicitFileType = wrapper.application; includeInIndex = 0; path = Assignment4.app; sourceTree = BUILT_PRODUCTS_DIR; };
		6727AA261D38195900FBC56A /* AppDelegate.swift */ = {isa = PBXFileReference; lastKnownFileType = sourcecode.swift; path = AppDelegate.swift; sourceTree = "<group>"; };
		6727AA281D38195900FBC56A /*  InstrumentationViewController.swift */ = {isa = PBXFileReference; lastKnownFileType = sourcecode.swift; path = " InstrumentationViewController.swift"; sourceTree = "<group>"; };
		6727AA2A1D38195900FBC56A /* SimulationViewController.swift */ = {isa = PBXFileReference; lastKnownFileType = sourcecode.swift; path = SimulationViewController.swift; sourceTree = "<group>"; };
		6727AA2D1D38195900FBC56A /* Base */ = {isa = PBXFileReference; lastKnownFileType = file.storyboard; name = Base; path = Base.lproj/Main.storyboard; sourceTree = "<group>"; };
		6727AA2F1D38195900FBC56A /* Assets.xcassets */ = {isa = PBXFileReference; lastKnownFileType = folder.assetcatalog; path = Assets.xcassets; sourceTree = "<group>"; };
		6727AA321D38195900FBC56A /* Base */ = {isa = PBXFileReference; lastKnownFileType = file.storyboard; name = Base; path = Base.lproj/LaunchScreen.storyboard; sourceTree = "<group>"; };
		6727AA341D38195900FBC56A /* Info.plist */ = {isa = PBXFileReference; lastKnownFileType = text.plist.xml; path = Info.plist; sourceTree = "<group>"; };
		6727AA3C1D381E3300FBC56A /* StatisticsViewController.swift */ = {isa = PBXFileReference; fileEncoding = 4; lastKnownFileType = sourcecode.swift; name = StatisticsViewController.swift; path = ../StatisticsViewController.swift; sourceTree = "<group>"; };
		673CB03E1D39D9BE001C6769 /* GridView.swift */ = {isa = PBXFileReference; fileEncoding = 4; lastKnownFileType = sourcecode.swift; path = GridView.swift; sourceTree = "<group>"; };
		67680BB21D39AE4F003205FD /* EngineDelegate.swift */ = {isa = PBXFileReference; fileEncoding = 4; lastKnownFileType = sourcecode.swift; path = EngineDelegate.swift; sourceTree = "<group>"; };
		67680BB61D39B4AE003205FD /* EngineProtocol.swift */ = {isa = PBXFileReference; fileEncoding = 4; lastKnownFileType = sourcecode.swift; path = EngineProtocol.swift; sourceTree = "<group>"; };
		67FD8F831D385A4300429DA4 /* GridProtocol.swift */ = {isa = PBXFileReference; fileEncoding = 4; lastKnownFileType = sourcecode.swift; path = GridProtocol.swift; sourceTree = "<group>"; };
/* End PBXFileReference section */

/* Begin PBXFrameworksBuildPhase section */
		6727AA201D38195900FBC56A /* Frameworks */ = {
			isa = PBXFrameworksBuildPhase;
			buildActionMask = 2147483647;
			files = (
			);
			runOnlyForDeploymentPostprocessing = 0;
		};
/* End PBXFrameworksBuildPhase section */

/* Begin PBXGroup section */
		6727AA1A1D38195900FBC56A = {
			isa = PBXGroup;
			children = (
				6727AA251D38195900FBC56A /* Assignment4 */,
				6727AA241D38195900FBC56A /* Products */,
			);
			sourceTree = "<group>";
		};
		6727AA241D38195900FBC56A /* Products */ = {
			isa = PBXGroup;
			children = (
				6727AA231D38195900FBC56A /* Assignment4.app */,
			);
			name = Products;
			sourceTree = "<group>";
		};
		6727AA251D38195900FBC56A /* Assignment4 */ = {
			isa = PBXGroup;
			children = (
				6727AA261D38195900FBC56A /* AppDelegate.swift */,
				6727AA281D38195900FBC56A /*  InstrumentationViewController.swift */,
				6727AA2A1D38195900FBC56A /* SimulationViewController.swift */,
				673CB03E1D39D9BE001C6769 /* GridView.swift */,
				6727AA3C1D381E3300FBC56A /* StatisticsViewController.swift */,
				67FD8F831D385A4300429DA4 /* GridProtocol.swift */,
				67680BB21D39AE4F003205FD /* EngineDelegate.swift */,
				67680BB61D39B4AE003205FD /* EngineProtocol.swift */,
				6727AA2C1D38195900FBC56A /* Main.storyboard */,
				6727AA2F1D38195900FBC56A /* Assets.xcassets */,
				6727AA311D38195900FBC56A /* LaunchScreen.storyboard */,
				6727AA341D38195900FBC56A /* Info.plist */,
			);
			path = Assignment4;
			sourceTree = "<group>";
		};
/* End PBXGroup section */

/* Begin PBXNativeTarget section */
		6727AA221D38195900FBC56A /* Assignment4 */ = {
			isa = PBXNativeTarget;
			buildConfigurationList = 6727AA371D38195900FBC56A /* Build configuration list for PBXNativeTarget "Assignment4" */;
			buildPhases = (
				6727AA1F1D38195900FBC56A /* Sources */,
				6727AA201D38195900FBC56A /* Frameworks */,
				6727AA211D38195900FBC56A /* Resources */,
			);
			buildRules = (
			);
			dependencies = (
			);
			name = Assignment4;
			productName = Assignment4;
			productReference = 6727AA231D38195900FBC56A /* Assignment4.app */;
			productType = "com.apple.product-type.application";
		};
/* End PBXNativeTarget section */

/* Begin PBXProject section */
		6727AA1B1D38195900FBC56A /* Project object */ = {
			isa = PBXProject;
			attributes = {
				LastSwiftUpdateCheck = 0730;
				LastUpgradeCheck = 0730;
				ORGANIZATIONNAME = Squad;
				TargetAttributes = {
					6727AA221D38195900FBC56A = {
						CreatedOnToolsVersion = 7.3;
					};
				};
			};
			buildConfigurationList = 6727AA1E1D38195900FBC56A /* Build configuration list for PBXProject "Assignment4" */;
			compatibilityVersion = "Xcode 3.2";
			developmentRegion = English;
			hasScannedForEncodings = 0;
			knownRegions = (
				en,
				Base,
			);
			mainGroup = 6727AA1A1D38195900FBC56A;
			productRefGroup = 6727AA241D38195900FBC56A /* Products */;
			projectDirPath = "";
			projectRoot = "";
			targets = (
				6727AA221D38195900FBC56A /* Assignment4 */,
			);
		};
/* End PBXProject section */

/* Begin PBXResourcesBuildPhase section */
		6727AA211D38195900FBC56A /* Resources */ = {
			isa = PBXResourcesBuildPhase;
			buildActionMask = 2147483647;
			files = (
				6727AA331D38195900FBC56A /* LaunchScreen.storyboard in Resources */,
				6727AA301D38195900FBC56A /* Assets.xcassets in Resources */,
				6727AA2E1D38195900FBC56A /* Main.storyboard in Resources */,
			);
			runOnlyForDeploymentPostprocessing = 0;
		};
/* End PBXResourcesBuildPhase section */

/* Begin PBXSourcesBuildPhase section */
		6727AA1F1D38195900FBC56A /* Sources */ = {
			isa = PBXSourcesBuildPhase;
			buildActionMask = 2147483647;
			files = (
				67680BB31D39AE4F003205FD /* EngineDelegate.swift in Sources */,
				6727AA2B1D38195900FBC56A /* SimulationViewController.swift in Sources */,
				673CB03F1D39D9BE001C6769 /* GridView.swift in Sources */,
				6727AA271D38195900FBC56A /* AppDelegate.swift in Sources */,
				6727AA291D38195900FBC56A /*  InstrumentationViewController.swift in Sources */,
				67FD8F841D385A4300429DA4 /* GridProtocol.swift in Sources */,
				67680BB71D39B4AE003205FD /* EngineProtocol.swift in Sources */,
				6727AA3D1D381E3300FBC56A /* StatisticsViewController.swift in Sources */,
			);
			runOnlyForDeploymentPostprocessing = 0;
		};
/* End PBXSourcesBuildPhase section */

/* Begin PBXVariantGroup section */
		6727AA2C1D38195900FBC56A /* Main.storyboard */ = {
			isa = PBXVariantGroup;
			children = (
				6727AA2D1D38195900FBC56A /* Base */,
			);
			name = Main.storyboard;
			sourceTree = "<group>";
		};
		6727AA311D38195900FBC56A /* LaunchScreen.storyboard */ = {
			isa = PBXVariantGroup;
			children = (
				6727AA321D38195900FBC56A /* Base */,
			);
			name = LaunchScreen.storyboard;
			sourceTree = "<group>";
		};
/* End PBXVariantGroup section */

/* Begin XCBuildConfiguration section */
		6727AA351D38195900FBC56A /* Debug */ = {
			isa = XCBuildConfiguration;
			buildSettings = {
				ALWAYS_SEARCH_USER_PATHS = NO;
				CLANG_ANALYZER_NONNULL = YES;
				CLANG_CXX_LANGUAGE_STANDARD = "gnu++0x";
				CLANG_CXX_LIBRARY = "libc++";
				CLANG_ENABLE_MODULES = YES;
				CLANG_ENABLE_OBJC_ARC = YES;
				CLANG_WARN_BOOL_CONVERSION = YES;
				CLANG_WARN_CONSTANT_CONVERSION = YES;
				CLANG_WARN_DIRECT_OBJC_ISA_USAGE = YES_ERROR;
				CLANG_WARN_EMPTY_BODY = YES;
				CLANG_WARN_ENUM_CONVERSION = YES;
				CLANG_WARN_INT_CONVERSION = YES;
				CLANG_WARN_OBJC_ROOT_CLASS = YES_ERROR;
				CLANG_WARN_UNREACHABLE_CODE = YES;
				CLANG_WARN__DUPLICATE_METHOD_MATCH = YES;
				"CODE_SIGN_IDENTITY[sdk=iphoneos*]" = "iPhone Developer";
				COPY_PHASE_STRIP = NO;
				DEBUG_INFORMATION_FORMAT = dwarf;
				ENABLE_STRICT_OBJC_MSGSEND = YES;
				ENABLE_TESTABILITY = YES;
				GCC_C_LANGUAGE_STANDARD = gnu99;
				GCC_DYNAMIC_NO_PIC = NO;
				GCC_NO_COMMON_BLOCKS = YES;
				GCC_OPTIMIZATION_LEVEL = 0;
				GCC_PREPROCESSOR_DEFINITIONS = (
					"DEBUG=1",
					"$(inherited)",
				);
				GCC_WARN_64_TO_32_BIT_CONVERSION = YES;
				GCC_WARN_ABOUT_RETURN_TYPE = YES_ERROR;
				GCC_WARN_UNDECLARED_SELECTOR = YES;
				GCC_WARN_UNINITIALIZED_AUTOS = YES_AGGRESSIVE;
				GCC_WARN_UNUSED_FUNCTION = YES;
				GCC_WARN_UNUSED_VARIABLE = YES;
				IPHONEOS_DEPLOYMENT_TARGET = 9.3;
				MTL_ENABLE_DEBUG_INFO = YES;
				ONLY_ACTIVE_ARCH = YES;
				SDKROOT = iphoneos;
				SWIFT_OPTIMIZATION_LEVEL = "-Onone";
				TARGETED_DEVICE_FAMILY = "1,2";
			};
			name = Debug;
		};
		6727AA361D38195900FBC56A /* Release */ = {
			isa = XCBuildConfiguration;
			buildSettings = {
				ALWAYS_SEARCH_USER_PATHS = NO;
				CLANG_ANALYZER_NONNULL = YES;
				CLANG_CXX_LANGUAGE_STANDARD = "gnu++0x";
				CLANG_CXX_LIBRARY = "libc++";
				CLANG_ENABLE_MODULES = YES;
				CLANG_ENABLE_OBJC_ARC = YES;
				CLANG_WARN_BOOL_CONVERSION = YES;
				CLANG_WARN_CONSTANT_CONVERSION = YES;
				CLANG_WARN_DIRECT_OBJC_ISA_USAGE = YES_ERROR;
				CLANG_WARN_EMPTY_BODY = YES;
				CLANG_WARN_ENUM_CONVERSION = YES;
				CLANG_WARN_INT_CONVERSION = YES;
				CLANG_WARN_OBJC_ROOT_CLASS = YES_ERROR;
				CLANG_WARN_UNREACHABLE_CODE = YES;
				CLANG_WARN__DUPLICATE_METHOD_MATCH = YES;
				"CODE_SIGN_IDENTITY[sdk=iphoneos*]" = "iPhone Developer";
				COPY_PHASE_STRIP = NO;
				DEBUG_INFORMATION_FORMAT = "dwarf-with-dsym";
				ENABLE_NS_ASSERTIONS = NO;
				ENABLE_STRICT_OBJC_MSGSEND = YES;
				GCC_C_LANGUAGE_STANDARD = gnu99;
				GCC_NO_COMMON_BLOCKS = YES;
				GCC_WARN_64_TO_32_BIT_CONVERSION = YES;
				GCC_WARN_ABOUT_RETURN_TYPE = YES_ERROR;
				GCC_WARN_UNDECLARED_SELECTOR = YES;
				GCC_WARN_UNINITIALIZED_AUTOS = YES_AGGRESSIVE;
				GCC_WARN_UNUSED_FUNCTION = YES;
				GCC_WARN_UNUSED_VARIABLE = YES;
				IPHONEOS_DEPLOYMENT_TARGET = 9.3;
				MTL_ENABLE_DEBUG_INFO = NO;
				SDKROOT = iphoneos;
				TARGETED_DEVICE_FAMILY = "1,2";
				VALIDATE_PRODUCT = YES;
			};
			name = Release;
		};
		6727AA381D38195900FBC56A /* Debug */ = {
			isa = XCBuildConfiguration;
			buildSettings = {
				ASSETCATALOG_COMPILER_APPICON_NAME = AppIcon;
				INFOPLIST_FILE = Assignment4/Info.plist;
				LD_RUNPATH_SEARCH_PATHS = "$(inherited) @executable_path/Frameworks";
				PRODUCT_BUNDLE_IDENTIFIER = com.Squad.Assignment4;
				PRODUCT_NAME = "$(TARGET_NAME)";
			};
			name = Debug;
		};
		6727AA391D38195900FBC56A /* Release */ = {
			isa = XCBuildConfiguration;
			buildSettings = {
				ASSETCATALOG_COMPILER_APPICON_NAME = AppIcon;
				INFOPLIST_FILE = Assignment4/Info.plist;
				LD_RUNPATH_SEARCH_PATHS = "$(inherited) @executable_path/Frameworks";
				PRODUCT_BUNDLE_IDENTIFIER = com.Squad.Assignment4;
				PRODUCT_NAME = "$(TARGET_NAME)";
			};
			name = Release;
		};
/* End XCBuildConfiguration section */

/* Begin XCConfigurationList section */
		6727AA1E1D38195900FBC56A /* Build configuration list for PBXProject "Assignment4" */ = {
			isa = XCConfigurationList;
			buildConfigurations = (
				6727AA351D38195900FBC56A /* Debug */,
				6727AA361D38195900FBC56A /* Release */,
			);
			defaultConfigurationIsVisible = 0;
			defaultConfigurationName = Release;
		};
		6727AA371D38195900FBC56A /* Build configuration list for PBXNativeTarget "Assignment4" */ = {
			isa = XCConfigurationList;
			buildConfigurations = (
				6727AA381D38195900FBC56A /* Debug */,
				6727AA391D38195900FBC56A /* Release */,
			);
			defaultConfigurationIsVisible = 0;
			defaultConfigurationName = Release;
		};
/* End XCConfigurationList section */
	};
	rootObject = 6727AA1B1D38195900FBC56A /* Project object */;
}
