// !$*UTF8*$!
{
	archiveVersion = 1;
	classes = {
	};
	objectVersion = 46;
	objects = {

/* Begin PBXBuildFile section */
		FBA505501D3430CE00BEF992 /* AppDelegate.swift in Sources */ = {isa = PBXBuildFile; fileRef = FBA5054F1D3430CE00BEF992 /* AppDelegate.swift */; };
		FBA505521D3430CE00BEF992 /* ViewController.swift in Sources */ = {isa = PBXBuildFile; fileRef = FBA505511D3430CE00BEF992 /* ViewController.swift */; };
		FBA505551D3430CE00BEF992 /* Main.storyboard in Resources */ = {isa = PBXBuildFile; fileRef = FBA505531D3430CE00BEF992 /* Main.storyboard */; };
		FBA505571D3430CE00BEF992 /* Assets.xcassets in Resources */ = {isa = PBXBuildFile; fileRef = FBA505561D3430CE00BEF992 /* Assets.xcassets */; };
		FBA5055A1D3430CE00BEF992 /* LaunchScreen.storyboard in Resources */ = {isa = PBXBuildFile; fileRef = FBA505581D3430CE00BEF992 /* LaunchScreen.storyboard */; };
		FBA505621D34392300BEF992 /* Example.swift in Sources */ = {isa = PBXBuildFile; fileRef = FBA505611D34392300BEF992 /* Example.swift */; };
/* End PBXBuildFile section */

/* Begin PBXFileReference section */
		FBA5054C1D3430CE00BEF992 /* Lecture6.app */ = {isa = PBXFileReference; explicitFileType = wrapper.application; includeInIndex = 0; path = Lecture6.app; sourceTree = BUILT_PRODUCTS_DIR; };
		FBA5054F1D3430CE00BEF992 /* AppDelegate.swift */ = {isa = PBXFileReference; lastKnownFileType = sourcecode.swift; path = AppDelegate.swift; sourceTree = "<group>"; };
		FBA505511D3430CE00BEF992 /* ViewController.swift */ = {isa = PBXFileReference; lastKnownFileType = sourcecode.swift; path = ViewController.swift; sourceTree = "<group>"; };
		FBA505541D3430CE00BEF992 /* Base */ = {isa = PBXFileReference; lastKnownFileType = file.storyboard; name = Base; path = Base.lproj/Main.storyboard; sourceTree = "<group>"; };
		FBA505561D3430CE00BEF992 /* Assets.xcassets */ = {isa = PBXFileReference; lastKnownFileType = folder.assetcatalog; path = Assets.xcassets; sourceTree = "<group>"; };
		FBA505591D3430CE00BEF992 /* Base */ = {isa = PBXFileReference; lastKnownFileType = file.storyboard; name = Base; path = Base.lproj/LaunchScreen.storyboard; sourceTree = "<group>"; };
		FBA5055B1D3430CE00BEF992 /* Info.plist */ = {isa = PBXFileReference; lastKnownFileType = text.plist.xml; path = Info.plist; sourceTree = "<group>"; };
		FBA505611D34392300BEF992 /* Example.swift */ = {isa = PBXFileReference; fileEncoding = 4; lastKnownFileType = sourcecode.swift; path = Example.swift; sourceTree = "<group>"; };
/* End PBXFileReference section */

/* Begin PBXFrameworksBuildPhase section */
		FBA505491D3430CE00BEF992 /* Frameworks */ = {
			isa = PBXFrameworksBuildPhase;
			buildActionMask = 2147483647;
			files = (
			);
			runOnlyForDeploymentPostprocessing = 0;
		};
/* End PBXFrameworksBuildPhase section */

/* Begin PBXGroup section */
		FBA505431D3430CE00BEF992 = {
			isa = PBXGroup;
			children = (
				FBA5054E1D3430CE00BEF992 /* Lecture6 */,
				FBA5054D1D3430CE00BEF992 /* Products */,
			);
			sourceTree = "<group>";
		};
		FBA5054D1D3430CE00BEF992 /* Products */ = {
			isa = PBXGroup;
			children = (
				FBA5054C1D3430CE00BEF992 /* Lecture6.app */,
			);
			name = Products;
			sourceTree = "<group>";
		};
		FBA5054E1D3430CE00BEF992 /* Lecture6 */ = {
			isa = PBXGroup;
			children = (
				FBA5054F1D3430CE00BEF992 /* AppDelegate.swift */,
				FBA505611D34392300BEF992 /* Example.swift */,
				FBA505511D3430CE00BEF992 /* ViewController.swift */,
				FBA505531D3430CE00BEF992 /* Main.storyboard */,
				FBA505561D3430CE00BEF992 /* Assets.xcassets */,
				FBA505581D3430CE00BEF992 /* LaunchScreen.storyboard */,
				FBA5055B1D3430CE00BEF992 /* Info.plist */,
			);
			path = Lecture6;
			sourceTree = "<group>";
		};
/* End PBXGroup section */

/* Begin PBXNativeTarget section */
		FBA5054B1D3430CE00BEF992 /* Lecture6 */ = {
			isa = PBXNativeTarget;
			buildConfigurationList = FBA5055E1D3430CE00BEF992 /* Build configuration list for PBXNativeTarget "Lecture6" */;
			buildPhases = (
				FBA505481D3430CE00BEF992 /* Sources */,
				FBA505491D3430CE00BEF992 /* Frameworks */,
				FBA5054A1D3430CE00BEF992 /* Resources */,
			);
			buildRules = (
			);
			dependencies = (
			);
			name = Lecture6;
			productName = Lecture6;
			productReference = FBA5054C1D3430CE00BEF992 /* Lecture6.app */;
			productType = "com.apple.product-type.application";
		};
/* End PBXNativeTarget section */

/* Begin PBXProject section */
		FBA505441D3430CE00BEF992 /* Project object */ = {
			isa = PBXProject;
			attributes = {
				LastSwiftUpdateCheck = 0730;
				LastUpgradeCheck = 0730;
				ORGANIZATIONNAME = S65g;
				TargetAttributes = {
					FBA5054B1D3430CE00BEF992 = {
						CreatedOnToolsVersion = 7.3.1;
					};
				};
			};
			buildConfigurationList = FBA505471D3430CE00BEF992 /* Build configuration list for PBXProject "Lecture6" */;
			compatibilityVersion = "Xcode 3.2";
			developmentRegion = English;
			hasScannedForEncodings = 0;
			knownRegions = (
				en,
				Base,
			);
			mainGroup = FBA505431D3430CE00BEF992;
			productRefGroup = FBA5054D1D3430CE00BEF992 /* Products */;
			projectDirPath = "";
			projectRoot = "";
			targets = (
				FBA5054B1D3430CE00BEF992 /* Lecture6 */,
			);
		};
/* End PBXProject section */

/* Begin PBXResourcesBuildPhase section */
		FBA5054A1D3430CE00BEF992 /* Resources */ = {
			isa = PBXResourcesBuildPhase;
			buildActionMask = 2147483647;
			files = (
				FBA5055A1D3430CE00BEF992 /* LaunchScreen.storyboard in Resources */,
				FBA505571D3430CE00BEF992 /* Assets.xcassets in Resources */,
				FBA505551D3430CE00BEF992 /* Main.storyboard in Resources */,
			);
			runOnlyForDeploymentPostprocessing = 0;
		};
/* End PBXResourcesBuildPhase section */

/* Begin PBXSourcesBuildPhase section */
		FBA505481D3430CE00BEF992 /* Sources */ = {
			isa = PBXSourcesBuildPhase;
			buildActionMask = 2147483647;
			files = (
				FBA505521D3430CE00BEF992 /* ViewController.swift in Sources */,
				FBA505501D3430CE00BEF992 /* AppDelegate.swift in Sources */,
				FBA505621D34392300BEF992 /* Example.swift in Sources */,
			);
			runOnlyForDeploymentPostprocessing = 0;
		};
/* End PBXSourcesBuildPhase section */

/* Begin PBXVariantGroup section */
		FBA505531D3430CE00BEF992 /* Main.storyboard */ = {
			isa = PBXVariantGroup;
			children = (
				FBA505541D3430CE00BEF992 /* Base */,
			);
			name = Main.storyboard;
			sourceTree = "<group>";
		};
		FBA505581D3430CE00BEF992 /* LaunchScreen.storyboard */ = {
			isa = PBXVariantGroup;
			children = (
				FBA505591D3430CE00BEF992 /* Base */,
			);
			name = LaunchScreen.storyboard;
			sourceTree = "<group>";
		};
/* End PBXVariantGroup section */

/* Begin XCBuildConfiguration section */
		FBA5055C1D3430CE00BEF992 /* Debug */ = {
			isa = XCBuildConfiguration;
			buildSettings = {
				ALWAYS_SEARCH_USER_PATHS = NO;
				CLANG_ANALYZER_NONNULL = YES;
				CLANG_CXX_LANGUAGE_STANDARD = "gnu++0x";
				CLANG_CXX_LIBRARY = "libc++";
				CLANG_ENABLE_MODULES = YES;
				CLANG_ENABLE_OBJC_ARC = YES;
				CLANG_WARN_BOOL_CONVERSION = YES;
				CLANG_WARN_CONSTANT_CONVERSION = YES;
				CLANG_WARN_DIRECT_OBJC_ISA_USAGE = YES_ERROR;
				CLANG_WARN_EMPTY_BODY = YES;
				CLANG_WARN_ENUM_CONVERSION = YES;
				CLANG_WARN_INT_CONVERSION = YES;
				CLANG_WARN_OBJC_ROOT_CLASS = YES_ERROR;
				CLANG_WARN_UNREACHABLE_CODE = YES;
				CLANG_WARN__DUPLICATE_METHOD_MATCH = YES;
				"CODE_SIGN_IDENTITY[sdk=iphoneos*]" = "iPhone Developer";
				COPY_PHASE_STRIP = NO;
				DEBUG_INFORMATION_FORMAT = dwarf;
				ENABLE_STRICT_OBJC_MSGSEND = YES;
				ENABLE_TESTABILITY = YES;
				GCC_C_LANGUAGE_STANDARD = gnu99;
				GCC_DYNAMIC_NO_PIC = NO;
				GCC_NO_COMMON_BLOCKS = YES;
				GCC_OPTIMIZATION_LEVEL = 0;
				GCC_PREPROCESSOR_DEFINITIONS = (
					"DEBUG=1",
					"$(inherited)",
				);
				GCC_WARN_64_TO_32_BIT_CONVERSION = YES;
				GCC_WARN_ABOUT_RETURN_TYPE = YES_ERROR;
				GCC_WARN_UNDECLARED_SELECTOR = YES;
				GCC_WARN_UNINITIALIZED_AUTOS = YES_AGGRESSIVE;
				GCC_WARN_UNUSED_FUNCTION = YES;
				GCC_WARN_UNUSED_VARIABLE = YES;
				IPHONEOS_DEPLOYMENT_TARGET = 9.3;
				MTL_ENABLE_DEBUG_INFO = YES;
				ONLY_ACTIVE_ARCH = YES;
				SDKROOT = iphoneos;
				SWIFT_OPTIMIZATION_LEVEL = "-Onone";
				TARGETED_DEVICE_FAMILY = "1,2";
			};
			name = Debug;
		};
		FBA5055D1D3430CE00BEF992 /* Release */ = {
			isa = XCBuildConfiguration;
			buildSettings = {
				ALWAYS_SEARCH_USER_PATHS = NO;
				CLANG_ANALYZER_NONNULL = YES;
				CLANG_CXX_LANGUAGE_STANDARD = "gnu++0x";
				CLANG_CXX_LIBRARY = "libc++";
				CLANG_ENABLE_MODULES = YES;
				CLANG_ENABLE_OBJC_ARC = YES;
				CLANG_WARN_BOOL_CONVERSION = YES;
				CLANG_WARN_CONSTANT_CONVERSION = YES;
				CLANG_WARN_DIRECT_OBJC_ISA_USAGE = YES_ERROR;
				CLANG_WARN_EMPTY_BODY = YES;
				CLANG_WARN_ENUM_CONVERSION = YES;
				CLANG_WARN_INT_CONVERSION = YES;
				CLANG_WARN_OBJC_ROOT_CLASS = YES_ERROR;
				CLANG_WARN_UNREACHABLE_CODE = YES;
				CLANG_WARN__DUPLICATE_METHOD_MATCH = YES;
				"CODE_SIGN_IDENTITY[sdk=iphoneos*]" = "iPhone Developer";
				COPY_PHASE_STRIP = NO;
				DEBUG_INFORMATION_FORMAT = "dwarf-with-dsym";
				ENABLE_NS_ASSERTIONS = NO;
				ENABLE_STRICT_OBJC_MSGSEND = YES;
				GCC_C_LANGUAGE_STANDARD = gnu99;
				GCC_NO_COMMON_BLOCKS = YES;
				GCC_WARN_64_TO_32_BIT_CONVERSION = YES;
				GCC_WARN_ABOUT_RETURN_TYPE = YES_ERROR;
				GCC_WARN_UNDECLARED_SELECTOR = YES;
				GCC_WARN_UNINITIALIZED_AUTOS = YES_AGGRESSIVE;
				GCC_WARN_UNUSED_FUNCTION = YES;
				GCC_WARN_UNUSED_VARIABLE = YES;
				IPHONEOS_DEPLOYMENT_TARGET = 9.3;
				MTL_ENABLE_DEBUG_INFO = NO;
				SDKROOT = iphoneos;
				TARGETED_DEVICE_FAMILY = "1,2";
				VALIDATE_PRODUCT = YES;
			};
			name = Release;
		};
		FBA5055F1D3430CE00BEF992 /* Debug */ = {
			isa = XCBuildConfiguration;
			buildSettings = {
				ASSETCATALOG_COMPILER_APPICON_NAME = AppIcon;
				INFOPLIST_FILE = Lecture6/Info.plist;
				LD_RUNPATH_SEARCH_PATHS = "$(inherited) @executable_path/Frameworks";
				PRODUCT_BUNDLE_IDENTIFIER = edu.harvard.s65g.Lecture6;
				PRODUCT_NAME = "$(TARGET_NAME)";
			};
			name = Debug;
		};
		FBA505601D3430CE00BEF992 /* Release */ = {
			isa = XCBuildConfiguration;
			buildSettings = {
				ASSETCATALOG_COMPILER_APPICON_NAME = AppIcon;
				INFOPLIST_FILE = Lecture6/Info.plist;
				LD_RUNPATH_SEARCH_PATHS = "$(inherited) @executable_path/Frameworks";
				PRODUCT_BUNDLE_IDENTIFIER = edu.harvard.s65g.Lecture6;
				PRODUCT_NAME = "$(TARGET_NAME)";
			};
			name = Release;
		};
/* End XCBuildConfiguration section */

/* Begin XCConfigurationList section */
		FBA505471D3430CE00BEF992 /* Build configuration list for PBXProject "Lecture6" */ = {
			isa = XCConfigurationList;
			buildConfigurations = (
				FBA5055C1D3430CE00BEF992 /* Debug */,
				FBA5055D1D3430CE00BEF992 /* Release */,
			);
			defaultConfigurationIsVisible = 0;
			defaultConfigurationName = Release;
		};
		FBA5055E1D3430CE00BEF992 /* Build configuration list for PBXNativeTarget "Lecture6" */ = {
			isa = XCConfigurationList;
			buildConfigurations = (
				FBA5055F1D3430CE00BEF992 /* Debug */,
				FBA505601D3430CE00BEF992 /* Release */,
			);
			defaultConfigurationIsVisible = 0;
			defaultConfigurationName = Release;
		};
/* End XCConfigurationList section */
	};
	rootObject = FBA505441D3430CE00BEF992 /* Project object */;
}
